# THIS IS AN AUTOGENERATED FILE. DO NOT EDIT THIS FILE DIRECTLY.
# yarn lockfile v1


"@mdi/font@^5.0.45":
  version "5.0.45"
  resolved "https://registry.yarnpkg.com/@mdi/font/-/font-5.0.45.tgz#8eda40c41dc7ee9e7a51dbe9191c5c38b8482422"
  integrity sha512-3sOO/UMyQqrmizW5zjvhKJP4FZFO7LblRw4G0alDxK1ekUwNxNXI7hYv8ACAv8H44riBuqlVJ7u39XDqv/Xwuw==
